
Microsoft Visual Studio Solution File, Format Version 12.00
# Visual Studio Version 16
VisualStudioVersion = 16.0.29709.97
MinimumVisualStudioVersion = 10.0.40219.1
Project("{FAE04EC0-301F-11D3-BF4B-00C04F79EFBC}") = "MusicStore", "MusicStore\MusicStore.csproj", "{B07169DE-6956-4D23-BDDB-11F74997DC4B}"
EndProject
Global
	GlobalSection(SolutionConfigurationPlatforms) = preSolution
		Debug|Any CPU = Debug|Any CPU
		Release|Any CPU = Release|Any CPU
	EndGlobalSection
	GlobalSection(ProjectConfigurationPlatforms) = postSolution
		{B07169DE-6956-4D23-BDDB-11F74997DC4B}.Debug|Any CPU.ActiveCfg = Debug|Any CPU
		{B07169DE-6956-4D23-BDDB-11F74997DC4B}.Debug|Any CPU.Build.0 = Debug|Any CPU
		{B07169DE-6956-4D23-BDDB-11F74997DC4B}.Release|Any CPU.ActiveCfg = Release|Any CPU
		{B07169DE-6956-4D23-BDDB-11F74997DC4B}.Release|Any CPU.Build.0 = Release|Any CPU
	EndGlobalSection
	GlobalSection(SolutionProperties) = preSolution
		HideSolutionNode = FALSE
	EndGlobalSection
	GlobalSection(ExtensibilityGlobals) = postSolution
		SolutionGuid = {42C85978-2E2D-4F91-A5D0-29B784707F43}
	EndGlobalSection
EndGlobal
